// !$*UTF8*$!
{
	archiveVersion = 1;
	classes = {
	};
	objectVersion = 51;
	objects = {

/* Begin PBXBuildFile section */
		5F508251776978A71CFB433A /* Pods_Todo_Serverless_Comparison.framework in Frameworks */ = {isa = PBXBuildFile; fileRef = 8C04B3A1B525C0058FC7BC98 /* Pods_Todo_Serverless_Comparison.framework */; };
		9E0DEACD244FF32E001EB612 /* AppDelegate.swift in Sources */ = {isa = PBXBuildFile; fileRef = 9E0DEACC244FF32E001EB612 /* AppDelegate.swift */; };
		9E0DEACF244FF32E001EB612 /* SceneDelegate.swift in Sources */ = {isa = PBXBuildFile; fileRef = 9E0DEACE244FF32E001EB612 /* SceneDelegate.swift */; };
		9E0DEAD3244FF330001EB612 /* Assets.xcassets in Resources */ = {isa = PBXBuildFile; fileRef = 9E0DEAD2244FF330001EB612 /* Assets.xcassets */; };
		9E0DEAD6244FF330001EB612 /* Preview Assets.xcassets in Resources */ = {isa = PBXBuildFile; fileRef = 9E0DEAD5244FF330001EB612 /* Preview Assets.xcassets */; };
		9E0DEAD9244FF330001EB612 /* LaunchScreen.storyboard in Resources */ = {isa = PBXBuildFile; fileRef = 9E0DEAD7244FF330001EB612 /* LaunchScreen.storyboard */; };
		9E0DEAE1244FF362001EB612 /* Todo.swift in Sources */ = {isa = PBXBuildFile; fileRef = 9E0DEAE0244FF362001EB612 /* Todo.swift */; };
		9E0DEAE3244FF425001EB612 /* TodoSourceOfTruth.swift in Sources */ = {isa = PBXBuildFile; fileRef = 9E0DEAE2244FF425001EB612 /* TodoSourceOfTruth.swift */; };
		9E0DEAE5244FF47C001EB612 /* TodosView.swift in Sources */ = {isa = PBXBuildFile; fileRef = 9E0DEAE4244FF47C001EB612 /* TodosView.swift */; };
		9E0DEAE7244FF646001EB612 /* TodosViewController.swift in Sources */ = {isa = PBXBuildFile; fileRef = 9E0DEAE6244FF646001EB612 /* TodosViewController.swift */; };
		9E0DEAE9244FF9F2001EB612 /* Collection+Extensions.swift in Sources */ = {isa = PBXBuildFile; fileRef = 9E0DEAE8244FF9F2001EB612 /* Collection+Extensions.swift */; };
		9E0DEAEB244FFEF1001EB612 /* GoogleService-Info.plist in Resources */ = {isa = PBXBuildFile; fileRef = 9E0DEAEA244FFEF1001EB612 /* GoogleService-Info.plist */; };
		9E0DEAED244FFF85001EB612 /* FirebaseService.swift in Sources */ = {isa = PBXBuildFile; fileRef = 9E0DEAEC244FFF85001EB612 /* FirebaseService.swift */; };
/* End PBXBuildFile section */

/* Begin PBXFileReference section */
		7CA9A9D063857A9B102A0861 /* Pods-Todo Serverless Comparison.debug.xcconfig */ = {isa = PBXFileReference; includeInIndex = 1; lastKnownFileType = text.xcconfig; name = "Pods-Todo Serverless Comparison.debug.xcconfig"; path = "Target Support Files/Pods-Todo Serverless Comparison/Pods-Todo Serverless Comparison.debug.xcconfig"; sourceTree = "<group>"; };
		8C04B3A1B525C0058FC7BC98 /* Pods_Todo_Serverless_Comparison.framework */ = {isa = PBXFileReference; explicitFileType = wrapper.framework; includeInIndex = 0; path = Pods_Todo_Serverless_Comparison.framework; sourceTree = BUILT_PRODUCTS_DIR; };
		9E0DEAC9244FF32E001EB612 /* Todo Serverless Comparison.app */ = {isa = PBXFileReference; explicitFileType = wrapper.application; includeInIndex = 0; path = "Todo Serverless Comparison.app"; sourceTree = BUILT_PRODUCTS_DIR; };
		9E0DEACC244FF32E001EB612 /* AppDelegate.swift */ = {isa = PBXFileReference; lastKnownFileType = sourcecode.swift; path = AppDelegate.swift; sourceTree = "<group>"; };
		9E0DEACE244FF32E001EB612 /* SceneDelegate.swift */ = {isa = PBXFileReference; lastKnownFileType = sourcecode.swift; path = SceneDelegate.swift; sourceTree = "<group>"; };
		9E0DEAD2244FF330001EB612 /* Assets.xcassets */ = {isa = PBXFileReference; lastKnownFileType = folder.assetcatalog; path = Assets.xcassets; sourceTree = "<group>"; };
		9E0DEAD5244FF330001EB612 /* Preview Assets.xcassets */ = {isa = PBXFileReference; lastKnownFileType = folder.assetcatalog; path = "Preview Assets.xcassets"; sourceTree = "<group>"; };
		9E0DEAD8244FF330001EB612 /* Base */ = {isa = PBXFileReference; lastKnownFileType = file.storyboard; name = Base; path = Base.lproj/LaunchScreen.storyboard; sourceTree = "<group>"; };
		9E0DEADA244FF330001EB612 /* Info.plist */ = {isa = PBXFileReference; lastKnownFileType = text.plist.xml; path = Info.plist; sourceTree = "<group>"; };
		9E0DEAE0244FF362001EB612 /* Todo.swift */ = {isa = PBXFileReference; lastKnownFileType = sourcecode.swift; path = Todo.swift; sourceTree = "<group>"; };
		9E0DEAE2244FF425001EB612 /* TodoSourceOfTruth.swift */ = {isa = PBXFileReference; lastKnownFileType = sourcecode.swift; path = TodoSourceOfTruth.swift; sourceTree = "<group>"; };
		9E0DEAE4244FF47C001EB612 /* TodosView.swift */ = {isa = PBXFileReference; lastKnownFileType = sourcecode.swift; path = TodosView.swift; sourceTree = "<group>"; };
		9E0DEAE6244FF646001EB612 /* TodosViewController.swift */ = {isa = PBXFileReference; lastKnownFileType = sourcecode.swift; path = TodosViewController.swift; sourceTree = "<group>"; };
		9E0DEAE8244FF9F2001EB612 /* Collection+Extensions.swift */ = {isa = PBXFileReference; lastKnownFileType = sourcecode.swift; path = "Collection+Extensions.swift"; sourceTree = "<group>"; };
		9E0DEAEA244FFEF1001EB612 /* GoogleService-Info.plist */ = {isa = PBXFileReference; fileEncoding = 4; lastKnownFileType = text.plist.xml; path = "GoogleService-Info.plist"; sourceTree = "<group>"; };
		9E0DEAEC244FFF85001EB612 /* FirebaseService.swift */ = {isa = PBXFileReference; lastKnownFileType = sourcecode.swift; path = FirebaseService.swift; sourceTree = "<group>"; };
		DD690E1906A7371F48C9566A /* Pods-Todo Serverless Comparison.release.xcconfig */ = {isa = PBXFileReference; includeInIndex = 1; lastKnownFileType = text.xcconfig; name = "Pods-Todo Serverless Comparison.release.xcconfig"; path = "Target Support Files/Pods-Todo Serverless Comparison/Pods-Todo Serverless Comparison.release.xcconfig"; sourceTree = "<group>"; };
/* End PBXFileReference section */

/* Begin PBXFrameworksBuildPhase section */
		9E0DEAC6244FF32E001EB612 /* Frameworks */ = {
			isa = PBXFrameworksBuildPhase;
			buildActionMask = 2147483647;
			files = (
				5F508251776978A71CFB433A /* Pods_Todo_Serverless_Comparison.framework in Frameworks */,
			);
			runOnlyForDeploymentPostprocessing = 0;
		};
/* End PBXFrameworksBuildPhase section */

/* Begin PBXGroup section */
		62BF4C7B4C41F12AA9A0F03A /* Pods */ = {
			isa = PBXGroup;
			children = (
				7CA9A9D063857A9B102A0861 /* Pods-Todo Serverless Comparison.debug.xcconfig */,
				DD690E1906A7371F48C9566A /* Pods-Todo Serverless Comparison.release.xcconfig */,
			);
			path = Pods;
			sourceTree = "<group>";
		};
		9E0DEAC0244FF32E001EB612 = {
			isa = PBXGroup;
			children = (
				9E0DEACB244FF32E001EB612 /* Todo Serverless Comparison */,
				9E0DEACA244FF32E001EB612 /* Products */,
				62BF4C7B4C41F12AA9A0F03A /* Pods */,
				D76440C5F4F80B2D273CE3B0 /* Frameworks */,
			);
			sourceTree = "<group>";
		};
		9E0DEACA244FF32E001EB612 /* Products */ = {
			isa = PBXGroup;
			children = (
				9E0DEAC9244FF32E001EB612 /* Todo Serverless Comparison.app */,
			);
			name = Products;
			sourceTree = "<group>";
		};
		9E0DEACB244FF32E001EB612 /* Todo Serverless Comparison */ = {
			isa = PBXGroup;
			children = (
				9E0DEAEA244FFEF1001EB612 /* GoogleService-Info.plist */,
				9E0DEACC244FF32E001EB612 /* AppDelegate.swift */,
				9E0DEACE244FF32E001EB612 /* SceneDelegate.swift */,
				9E0DEAD2244FF330001EB612 /* Assets.xcassets */,
				9E0DEAD7244FF330001EB612 /* LaunchScreen.storyboard */,
				9E0DEADA244FF330001EB612 /* Info.plist */,
				9E0DEAD4244FF330001EB612 /* Preview Content */,
				9E0DEAE0244FF362001EB612 /* Todo.swift */,
				9E0DEAE2244FF425001EB612 /* TodoSourceOfTruth.swift */,
				9E0DEAE4244FF47C001EB612 /* TodosView.swift */,
				9E0DEAE6244FF646001EB612 /* TodosViewController.swift */,
				9E0DEAE8244FF9F2001EB612 /* Collection+Extensions.swift */,
				9E0DEAEC244FFF85001EB612 /* FirebaseService.swift */,
			);
			path = "Todo Serverless Comparison";
			sourceTree = "<group>";
		};
		9E0DEAD4244FF330001EB612 /* Preview Content */ = {
			isa = PBXGroup;
			children = (
				9E0DEAD5244FF330001EB612 /* Preview Assets.xcassets */,
			);
			path = "Preview Content";
			sourceTree = "<group>";
		};
		D76440C5F4F80B2D273CE3B0 /* Frameworks */ = {
			isa = PBXGroup;
			children = (
				8C04B3A1B525C0058FC7BC98 /* Pods_Todo_Serverless_Comparison.framework */,
			);
			name = Frameworks;
			sourceTree = "<group>";
		};
/* End PBXGroup section */

/* Begin PBXNativeTarget section */
		9E0DEAC8244FF32E001EB612 /* Todo Serverless Comparison */ = {
			isa = PBXNativeTarget;
			buildConfigurationList = 9E0DEADD244FF330001EB612 /* Build configuration list for PBXNativeTarget "Todo Serverless Comparison" */;
			buildPhases = (
				FCE8E0325D42FA7BBBEB85D4 /* [CP] Check Pods Manifest.lock */,
				9E0DEAC5244FF32E001EB612 /* Sources */,
				9E0DEAC6244FF32E001EB612 /* Frameworks */,
				9E0DEAC7244FF32E001EB612 /* Resources */,
				404FDD281D42B15C6B5AF353 /* [CP] Embed Pods Frameworks */,
			);
			buildRules = (
			);
			dependencies = (
			);
			name = "Todo Serverless Comparison";
			productName = "Todo Serverless Comparison";
			productReference = 9E0DEAC9244FF32E001EB612 /* Todo Serverless Comparison.app */;
			productType = "com.apple.product-type.application";
		};
/* End PBXNativeTarget section */

/* Begin PBXProject section */
		9E0DEAC1244FF32E001EB612 /* Project object */ = {
			isa = PBXProject;
			attributes = {
				LastSwiftUpdateCheck = 1140;
				LastUpgradeCheck = 1140;
				ORGANIZATIONNAME = "Kilo Loco";
				TargetAttributes = {
					9E0DEAC8244FF32E001EB612 = {
						CreatedOnToolsVersion = 11.4;
					};
				};
			};
			buildConfigurationList = 9E0DEAC4244FF32E001EB612 /* Build configuration list for PBXProject "Todo Serverless Comparison" */;
			compatibilityVersion = "Xcode 9.3";
			developmentRegion = en;
			hasScannedForEncodings = 0;
			knownRegions = (
				en,
				Base,
			);
			mainGroup = 9E0DEAC0244FF32E001EB612;
			productRefGroup = 9E0DEACA244FF32E001EB612 /* Products */;
			projectDirPath = "";
			projectRoot = "";
			targets = (
				9E0DEAC8244FF32E001EB612 /* Todo Serverless Comparison */,
			);
		};
/* End PBXProject section */

/* Begin PBXResourcesBuildPhase section */
		9E0DEAC7244FF32E001EB612 /* Resources */ = {
			isa = PBXResourcesBuildPhase;
			buildActionMask = 2147483647;
			files = (
				9E0DEAD9244FF330001EB612 /* LaunchScreen.storyboard in Resources */,
				9E0DEAEB244FFEF1001EB612 /* GoogleService-Info.plist in Resources */,
				9E0DEAD6244FF330001EB612 /* Preview Assets.xcassets in Resources */,
				9E0DEAD3244FF330001EB612 /* Assets.xcassets in Resources */,
			);
			runOnlyForDeploymentPostprocessing = 0;
		};
/* End PBXResourcesBuildPhase section */

/* Begin PBXShellScriptBuildPhase section */
		404FDD281D42B15C6B5AF353 /* [CP] Embed Pods Frameworks */ = {
			isa = PBXShellScriptBuildPhase;
			buildActionMask = 2147483647;
			files = (
			);
			inputFileListPaths = (
				"${PODS_ROOT}/Target Support Files/Pods-Todo Serverless Comparison/Pods-Todo Serverless Comparison-frameworks-${CONFIGURATION}-input-files.xcfilelist",
			);
			name = "[CP] Embed Pods Frameworks";
			outputFileListPaths = (
				"${PODS_ROOT}/Target Support Files/Pods-Todo Serverless Comparison/Pods-Todo Serverless Comparison-frameworks-${CONFIGURATION}-output-files.xcfilelist",
			);
			runOnlyForDeploymentPostprocessing = 0;
			shellPath = /bin/sh;
			shellScript = "\"${PODS_ROOT}/Target Support Files/Pods-Todo Serverless Comparison/Pods-Todo Serverless Comparison-frameworks.sh\"\n";
			showEnvVarsInLog = 0;
		};
		FCE8E0325D42FA7BBBEB85D4 /* [CP] Check Pods Manifest.lock */ = {
			isa = PBXShellScriptBuildPhase;
			buildActionMask = 2147483647;
			files = (
			);
			inputFileListPaths = (
			);
			inputPaths = (
				"${PODS_PODFILE_DIR_PATH}/Podfile.lock",
				"${PODS_ROOT}/Manifest.lock",
			);
			name = "[CP] Check Pods Manifest.lock";
			outputFileListPaths = (
			);
			outputPaths = (
				"$(DERIVED_FILE_DIR)/Pods-Todo Serverless Comparison-checkManifestLockResult.txt",
			);
			runOnlyForDeploymentPostprocessing = 0;
			shellPath = /bin/sh;
			shellScript = "diff \"${PODS_PODFILE_DIR_PATH}/Podfile.lock\" \"${PODS_ROOT}/Manifest.lock\" > /dev/null\nif [ $? != 0 ] ; then\n    # print error to STDERR\n    echo \"error: The sandbox is not in sync with the Podfile.lock. Run 'pod install' or update your CocoaPods installation.\" >&2\n    exit 1\nfi\n# This output is used by Xcode 'outputs' to avoid re-running this script phase.\necho \"SUCCESS\" > \"${SCRIPT_OUTPUT_FILE_0}\"\n";
			showEnvVarsInLog = 0;
		};
/* End PBXShellScriptBuildPhase section */

/* Begin PBXSourcesBuildPhase section */
		9E0DEAC5244FF32E001EB612 /* Sources */ = {
			isa = PBXSourcesBuildPhase;
			buildActionMask = 2147483647;
			files = (
				9E0DEAE5244FF47C001EB612 /* TodosView.swift in Sources */,
				9E0DEACD244FF32E001EB612 /* AppDelegate.swift in Sources */,
				9E0DEAED244FFF85001EB612 /* FirebaseService.swift in Sources */,
				9E0DEAE9244FF9F2001EB612 /* Collection+Extensions.swift in Sources */,
				9E0DEAE3244FF425001EB612 /* TodoSourceOfTruth.swift in Sources */,
				9E0DEAE1244FF362001EB612 /* Todo.swift in Sources */,
				9E0DEAE7244FF646001EB612 /* TodosViewController.swift in Sources */,
				9E0DEACF244FF32E001EB612 /* SceneDelegate.swift in Sources */,
			);
			runOnlyForDeploymentPostprocessing = 0;
		};
/* End PBXSourcesBuildPhase section */

/* Begin PBXVariantGroup section */
		9E0DEAD7244FF330001EB612 /* LaunchScreen.storyboard */ = {
			isa = PBXVariantGroup;
			children = (
				9E0DEAD8244FF330001EB612 /* Base */,
			);
			name = LaunchScreen.storyboard;
			sourceTree = "<group>";
		};
/* End PBXVariantGroup section */

/* Begin XCBuildConfiguration section */
		9E0DEADB244FF330001EB612 /* Debug */ = {
			isa = XCBuildConfiguration;
			buildSettings = {
				ALWAYS_SEARCH_USER_PATHS = NO;
				CLANG_ANALYZER_NONNULL = YES;
				CLANG_ANALYZER_NUMBER_OBJECT_CONVERSION = YES_AGGRESSIVE;
				CLANG_CXX_LANGUAGE_STANDARD = "gnu++14";
				CLANG_CXX_LIBRARY = "libc++";
				CLANG_ENABLE_MODULES = YES;
				CLANG_ENABLE_OBJC_ARC = YES;
				CLANG_ENABLE_OBJC_WEAK = YES;
				CLANG_WARN_BLOCK_CAPTURE_AUTORELEASING = YES;
				CLANG_WARN_BOOL_CONVERSION = YES;
				CLANG_WARN_COMMA = YES;
				CLANG_WARN_CONSTANT_CONVERSION = YES;
				CLANG_WARN_DEPRECATED_OBJC_IMPLEMENTATIONS = YES;
				CLANG_WARN_DIRECT_OBJC_ISA_USAGE = YES_ERROR;
				CLANG_WARN_DOCUMENTATION_COMMENTS = YES;
				CLANG_WARN_EMPTY_BODY = YES;
				CLANG_WARN_ENUM_CONVERSION = YES;
				CLANG_WARN_INFINITE_RECURSION = YES;
				CLANG_WARN_INT_CONVERSION = YES;
				CLANG_WARN_NON_LITERAL_NULL_CONVERSION = YES;
				CLANG_WARN_OBJC_IMPLICIT_RETAIN_SELF = YES;
				CLANG_WARN_OBJC_LITERAL_CONVERSION = YES;
				CLANG_WARN_OBJC_ROOT_CLASS = YES_ERROR;
				CLANG_WARN_RANGE_LOOP_ANALYSIS = YES;
				CLANG_WARN_STRICT_PROTOTYPES = YES;
				CLANG_WARN_SUSPICIOUS_MOVE = YES;
				CLANG_WARN_UNGUARDED_AVAILABILITY = YES_AGGRESSIVE;
				CLANG_WARN_UNREACHABLE_CODE = YES;
				CLANG_WARN__DUPLICATE_METHOD_MATCH = YES;
				COPY_PHASE_STRIP = NO;
				DEBUG_INFORMATION_FORMAT = dwarf;
				ENABLE_STRICT_OBJC_MSGSEND = YES;
				ENABLE_TESTABILITY = YES;
				GCC_C_LANGUAGE_STANDARD = gnu11;
				GCC_DYNAMIC_NO_PIC = NO;
				GCC_NO_COMMON_BLOCKS = YES;
				GCC_OPTIMIZATION_LEVEL = 0;
				GCC_PREPROCESSOR_DEFINITIONS = (
					"DEBUG=1",
					"$(inherited)",
				);
				GCC_WARN_64_TO_32_BIT_CONVERSION = YES;
				GCC_WARN_ABOUT_RETURN_TYPE = YES_ERROR;
				GCC_WARN_UNDECLARED_SELECTOR = YES;
				GCC_WARN_UNINITIALIZED_AUTOS = YES_AGGRESSIVE;
				GCC_WARN_UNUSED_FUNCTION = YES;
				GCC_WARN_UNUSED_VARIABLE = YES;
				IPHONEOS_DEPLOYMENT_TARGET = 13.4;
				MTL_ENABLE_DEBUG_INFO = INCLUDE_SOURCE;
				MTL_FAST_MATH = YES;
				ONLY_ACTIVE_ARCH = YES;
				SDKROOT = iphoneos;
				SWIFT_ACTIVE_COMPILATION_CONDITIONS = DEBUG;
				SWIFT_OPTIMIZATION_LEVEL = "-Onone";
			};
			name = Debug;
		};
		9E0DEADC244FF330001EB612 /* Release */ = {
			isa = XCBuildConfiguration;
			buildSettings = {
				ALWAYS_SEARCH_USER_PATHS = NO;
				CLANG_ANALYZER_NONNULL = YES;
				CLANG_ANALYZER_NUMBER_OBJECT_CONVERSION = YES_AGGRESSIVE;
				CLANG_CXX_LANGUAGE_STANDARD = "gnu++14";
				CLANG_CXX_LIBRARY = "libc++";
				CLANG_ENABLE_MODULES = YES;
				CLANG_ENABLE_OBJC_ARC = YES;
				CLANG_ENABLE_OBJC_WEAK = YES;
				CLANG_WARN_BLOCK_CAPTURE_AUTORELEASING = YES;
				CLANG_WARN_BOOL_CONVERSION = YES;
				CLANG_WARN_COMMA = YES;
				CLANG_WARN_CONSTANT_CONVERSION = YES;
				CLANG_WARN_DEPRECATED_OBJC_IMPLEMENTATIONS = YES;
				CLANG_WARN_DIRECT_OBJC_ISA_USAGE = YES_ERROR;
				CLANG_WARN_DOCUMENTATION_COMMENTS = YES;
				CLANG_WARN_EMPTY_BODY = YES;
				CLANG_WARN_ENUM_CONVERSION = YES;
				CLANG_WARN_INFINITE_RECURSION = YES;
				CLANG_WARN_INT_CONVERSION = YES;
				CLANG_WARN_NON_LITERAL_NULL_CONVERSION = YES;
				CLANG_WARN_OBJC_IMPLICIT_RETAIN_SELF = YES;
				CLANG_WARN_OBJC_LITERAL_CONVERSION = YES;
				CLANG_WARN_OBJC_ROOT_CLASS = YES_ERROR;
				CLANG_WARN_RANGE_LOOP_ANALYSIS = YES;
				CLANG_WARN_STRICT_PROTOTYPES = YES;
				CLANG_WARN_SUSPICIOUS_MOVE = YES;
				CLANG_WARN_UNGUARDED_AVAILABILITY = YES_AGGRESSIVE;
				CLANG_WARN_UNREACHABLE_CODE = YES;
				CLANG_WARN__DUPLICATE_METHOD_MATCH = YES;
				COPY_PHASE_STRIP = NO;
				DEBUG_INFORMATION_FORMAT = "dwarf-with-dsym";
				ENABLE_NS_ASSERTIONS = NO;
				ENABLE_STRICT_OBJC_MSGSEND = YES;
				GCC_C_LANGUAGE_STANDARD = gnu11;
				GCC_NO_COMMON_BLOCKS = YES;
				GCC_WARN_64_TO_32_BIT_CONVERSION = YES;
				GCC_WARN_ABOUT_RETURN_TYPE = YES_ERROR;
				GCC_WARN_UNDECLARED_SELECTOR = YES;
				GCC_WARN_UNINITIALIZED_AUTOS = YES_AGGRESSIVE;
				GCC_WARN_UNUSED_FUNCTION = YES;
				GCC_WARN_UNUSED_VARIABLE = YES;
				IPHONEOS_DEPLOYMENT_TARGET = 13.4;
				MTL_ENABLE_DEBUG_INFO = NO;
				MTL_FAST_MATH = YES;
				SDKROOT = iphoneos;
				SWIFT_COMPILATION_MODE = wholemodule;
				SWIFT_OPTIMIZATION_LEVEL = "-O";
				VALIDATE_PRODUCT = YES;
			};
			name = Release;
		};
		9E0DEADE244FF330001EB612 /* Debug */ = {
			isa = XCBuildConfiguration;
			baseConfigurationReference = 7CA9A9D063857A9B102A0861 /* Pods-Todo Serverless Comparison.debug.xcconfig */;
			buildSettings = {
				ASSETCATALOG_COMPILER_APPICON_NAME = AppIcon;
				CODE_SIGN_STYLE = Automatic;
				DEVELOPMENT_ASSET_PATHS = "\"Todo Serverless Comparison/Preview Content\"";
				DEVELOPMENT_TEAM = 5K99777NES;
				ENABLE_PREVIEWS = YES;
				INFOPLIST_FILE = "Todo Serverless Comparison/Info.plist";
				LD_RUNPATH_SEARCH_PATHS = (
					"$(inherited)",
					"@executable_path/Frameworks",
				);
				PRODUCT_BUNDLE_IDENTIFIER = "com.kiloloco.Todo-Serverless-Comparison";
				PRODUCT_NAME = "$(TARGET_NAME)";
				SWIFT_VERSION = 5.0;
				TARGETED_DEVICE_FAMILY = "1,2";
			};
			name = Debug;
		};
		9E0DEADF244FF330001EB612 /* Release */ = {
			isa = XCBuildConfiguration;
			baseConfigurationReference = DD690E1906A7371F48C9566A /* Pods-Todo Serverless Comparison.release.xcconfig */;
			buildSettings = {
				ASSETCATALOG_COMPILER_APPICON_NAME = AppIcon;
				CODE_SIGN_STYLE = Automatic;
				DEVELOPMENT_ASSET_PATHS = "\"Todo Serverless Comparison/Preview Content\"";
				DEVELOPMENT_TEAM = 5K99777NES;
				ENABLE_PREVIEWS = YES;
				INFOPLIST_FILE = "Todo Serverless Comparison/Info.plist";
				LD_RUNPATH_SEARCH_PATHS = (
					"$(inherited)",
					"@executable_path/Frameworks",
				);
				PRODUCT_BUNDLE_IDENTIFIER = "com.kiloloco.Todo-Serverless-Comparison";
				PRODUCT_NAME = "$(TARGET_NAME)";
				SWIFT_VERSION = 5.0;
				TARGETED_DEVICE_FAMILY = "1,2";
			};
			name = Release;
		};
/* End XCBuildConfiguration section */

/* Begin XCConfigurationList section */
		9E0DEAC4244FF32E001EB612 /* Build configuration list for PBXProject "Todo Serverless Comparison" */ = {
			isa = XCConfigurationList;
			buildConfigurations = (
				9E0DEADB244FF330001EB612 /* Debug */,
				9E0DEADC244FF330001EB612 /* Release */,
			);
			defaultConfigurationIsVisible = 0;
			defaultConfigurationName = Release;
		};
		9E0DEADD244FF330001EB612 /* Build configuration list for PBXNativeTarget "Todo Serverless Comparison" */ = {
			isa = XCConfigurationList;
			buildConfigurations = (
				9E0DEADE244FF330001EB612 /* Debug */,
				9E0DEADF244FF330001EB612 /* Release */,
			);
			defaultConfigurationIsVisible = 0;
			defaultConfigurationName = Release;
		};
/* End XCConfigurationList section */
	};
	rootObject = 9E0DEAC1244FF32E001EB612 /* Project object */;
}
